{
  "name": "JavascriptDunamicCalendar",
  "version": "1.0.0",
  "lockfileVersion": 1,
  "requires": true,
  "dependencies": {
    "dycalendarjs": {
      "version": "1.2.1",
      "resolved": "https://registry.npmjs.org/dycalendarjs/-/dycalendarjs-1.2.1.tgz",
      "integrity": "sha512-21wSEM4lsPr9zP0PUVUyd3CYnMNRMXs+qrqqSMykHcVscZzzfOWqc/K8BWPhRu1iBzHsB0vJYt/vFKimaqWKVQ==",
      "dev": true
    }
  }
}
